// !$*UTF8*$!
{
	archiveVersion = 1;
	classes = {
	};
	objectVersion = 50;
	objects = {

/* Begin PBXBuildFile section */
		AD9E6F1224CEECA200369F43 /* AppDelegate.swift in Sources */ = {isa = PBXBuildFile; fileRef = AD9E6F1124CEECA200369F43 /* AppDelegate.swift */; };
		AD9E6F1424CEECA200369F43 /* SceneDelegate.swift in Sources */ = {isa = PBXBuildFile; fileRef = AD9E6F1324CEECA200369F43 /* SceneDelegate.swift */; };
		AD9E6F1624CEECA200369F43 /* ViewController.swift in Sources */ = {isa = PBXBuildFile; fileRef = AD9E6F1524CEECA200369F43 /* ViewController.swift */; };
		AD9E6F1924CEECA200369F43 /* Main.storyboard in Resources */ = {isa = PBXBuildFile; fileRef = AD9E6F1724CEECA200369F43 /* Main.storyboard */; };
		AD9E6F1B24CEECA500369F43 /* Assets.xcassets in Resources */ = {isa = PBXBuildFile; fileRef = AD9E6F1A24CEECA500369F43 /* Assets.xcassets */; };
		AD9E6F1E24CEECA500369F43 /* LaunchScreen.storyboard in Resources */ = {isa = PBXBuildFile; fileRef = AD9E6F1C24CEECA500369F43 /* LaunchScreen.storyboard */; };
/* End PBXBuildFile section */

/* Begin PBXFileReference section */
		AD9E6F0E24CEECA200369F43 /* URLCacheWithQuery.app */ = {isa = PBXFileReference; explicitFileType = wrapper.application; includeInIndex = 0; path = URLCacheWithQuery.app; sourceTree = BUILT_PRODUCTS_DIR; };
		AD9E6F1124CEECA200369F43 /* AppDelegate.swift */ = {isa = PBXFileReference; lastKnownFileType = sourcecode.swift; path = AppDelegate.swift; sourceTree = "<group>"; };
		AD9E6F1324CEECA200369F43 /* SceneDelegate.swift */ = {isa = PBXFileReference; lastKnownFileType = sourcecode.swift; path = SceneDelegate.swift; sourceTree = "<group>"; };
		AD9E6F1524CEECA200369F43 /* ViewController.swift */ = {isa = PBXFileReference; lastKnownFileType = sourcecode.swift; path = ViewController.swift; sourceTree = "<group>"; };
		AD9E6F1824CEECA200369F43 /* Base */ = {isa = PBXFileReference; lastKnownFileType = file.storyboard; name = Base; path = Base.lproj/Main.storyboard; sourceTree = "<group>"; };
		AD9E6F1A24CEECA500369F43 /* Assets.xcassets */ = {isa = PBXFileReference; lastKnownFileType = folder.assetcatalog; path = Assets.xcassets; sourceTree = "<group>"; };
		AD9E6F1D24CEECA500369F43 /* Base */ = {isa = PBXFileReference; lastKnownFileType = file.storyboard; name = Base; path = Base.lproj/LaunchScreen.storyboard; sourceTree = "<group>"; };
		AD9E6F1F24CEECA500369F43 /* Info.plist */ = {isa = PBXFileReference; lastKnownFileType = text.plist.xml; path = Info.plist; sourceTree = "<group>"; };
/* End PBXFileReference section */

/* Begin PBXFrameworksBuildPhase section */
		AD9E6F0B24CEECA200369F43 /* Frameworks */ = {
			isa = PBXFrameworksBuildPhase;
			buildActionMask = 2147483647;
			files = (
			);
			runOnlyForDeploymentPostprocessing = 0;
		};
/* End PBXFrameworksBuildPhase section */

/* Begin PBXGroup section */
		AD9E6F0524CEECA200369F43 = {
			isa = PBXGroup;
			children = (
				AD9E6F1024CEECA200369F43 /* URLCacheWithQuery */,
				AD9E6F0F24CEECA200369F43 /* Products */,
			);
			sourceTree = "<group>";
		};
		AD9E6F0F24CEECA200369F43 /* Products */ = {
			isa = PBXGroup;
			children = (
				AD9E6F0E24CEECA200369F43 /* URLCacheWithQuery.app */,
			);
			name = Products;
			sourceTree = "<group>";
		};
		AD9E6F1024CEECA200369F43 /* URLCacheWithQuery */ = {
			isa = PBXGroup;
			children = (
				AD9E6F1124CEECA200369F43 /* AppDelegate.swift */,
				AD9E6F1324CEECA200369F43 /* SceneDelegate.swift */,
				AD9E6F1524CEECA200369F43 /* ViewController.swift */,
				AD9E6F1724CEECA200369F43 /* Main.storyboard */,
				AD9E6F1A24CEECA500369F43 /* Assets.xcassets */,
				AD9E6F1C24CEECA500369F43 /* LaunchScreen.storyboard */,
				AD9E6F1F24CEECA500369F43 /* Info.plist */,
			);
			path = URLCacheWithQuery;
			sourceTree = "<group>";
		};
/* End PBXGroup section */

/* Begin PBXNativeTarget section */
		AD9E6F0D24CEECA200369F43 /* URLCacheWithQuery */ = {
			isa = PBXNativeTarget;
			buildConfigurationList = AD9E6F2224CEECA500369F43 /* Build configuration list for PBXNativeTarget "URLCacheWithQuery" */;
			buildPhases = (
				AD9E6F0A24CEECA200369F43 /* Sources */,
				AD9E6F0B24CEECA200369F43 /* Frameworks */,
				AD9E6F0C24CEECA200369F43 /* Resources */,
			);
			buildRules = (
			);
			dependencies = (
			);
			name = URLCacheWithQuery;
			productName = URLCacheWithQuery;
			productReference = AD9E6F0E24CEECA200369F43 /* URLCacheWithQuery.app */;
			productType = "com.apple.product-type.application";
		};
/* End PBXNativeTarget section */

/* Begin PBXProject section */
		AD9E6F0624CEECA200369F43 /* Project object */ = {
			isa = PBXProject;
			attributes = {
				LastSwiftUpdateCheck = 1140;
				LastUpgradeCheck = 1140;
				ORGANIZATIONNAME = Yoshimi;
				TargetAttributes = {
					AD9E6F0D24CEECA200369F43 = {
						CreatedOnToolsVersion = 11.4;
					};
				};
			};
			buildConfigurationList = AD9E6F0924CEECA200369F43 /* Build configuration list for PBXProject "URLCacheWithQuery" */;
			compatibilityVersion = "Xcode 9.3";
			developmentRegion = en;
			hasScannedForEncodings = 0;
			knownRegions = (
				en,
				Base,
			);
			mainGroup = AD9E6F0524CEECA200369F43;
			productRefGroup = AD9E6F0F24CEECA200369F43 /* Products */;
			projectDirPath = "";
			projectRoot = "";
			targets = (
				AD9E6F0D24CEECA200369F43 /* URLCacheWithQuery */,
			);
		};
/* End PBXProject section */

/* Begin PBXResourcesBuildPhase section */
		AD9E6F0C24CEECA200369F43 /* Resources */ = {
			isa = PBXResourcesBuildPhase;
			buildActionMask = 2147483647;
			files = (
				AD9E6F1E24CEECA500369F43 /* LaunchScreen.storyboard in Resources */,
				AD9E6F1B24CEECA500369F43 /* Assets.xcassets in Resources */,
				AD9E6F1924CEECA200369F43 /* Main.storyboard in Resources */,
			);
			runOnlyForDeploymentPostprocessing = 0;
		};
/* End PBXResourcesBuildPhase section */

/* Begin PBXSourcesBuildPhase section */
		AD9E6F0A24CEECA200369F43 /* Sources */ = {
			isa = PBXSourcesBuildPhase;
			buildActionMask = 2147483647;
			files = (
				AD9E6F1624CEECA200369F43 /* ViewController.swift in Sources */,
				AD9E6F1224CEECA200369F43 /* AppDelegate.swift in Sources */,
				AD9E6F1424CEECA200369F43 /* SceneDelegate.swift in Sources */,
			);
			runOnlyForDeploymentPostprocessing = 0;
		};
/* End PBXSourcesBuildPhase section */

/* Begin PBXVariantGroup section */
		AD9E6F1724CEECA200369F43 /* Main.storyboard */ = {
			isa = PBXVariantGroup;
			children = (
				AD9E6F1824CEECA200369F43 /* Base */,
			);
			name = Main.storyboard;
			sourceTree = "<group>";
		};
		AD9E6F1C24CEECA500369F43 /* LaunchScreen.storyboard */ = {
			isa = PBXVariantGroup;
			children = (
				AD9E6F1D24CEECA500369F43 /* Base */,
			);
			name = LaunchScreen.storyboard;
			sourceTree = "<group>";
		};
/* End PBXVariantGroup section */

/* Begin XCBuildConfiguration section */
		AD9E6F2024CEECA500369F43 /* Debug */ = {
			isa = XCBuildConfiguration;
			buildSettings = {
				ALWAYS_SEARCH_USER_PATHS = NO;
				CLANG_ANALYZER_NONNULL = YES;
				CLANG_ANALYZER_NUMBER_OBJECT_CONVERSION = YES_AGGRESSIVE;
				CLANG_CXX_LANGUAGE_STANDARD = "gnu++14";
				CLANG_CXX_LIBRARY = "libc++";
				CLANG_ENABLE_MODULES = YES;
				CLANG_ENABLE_OBJC_ARC = YES;
				CLANG_ENABLE_OBJC_WEAK = YES;
				CLANG_WARN_BLOCK_CAPTURE_AUTORELEASING = YES;
				CLANG_WARN_BOOL_CONVERSION = YES;
				CLANG_WARN_COMMA = YES;
				CLANG_WARN_CONSTANT_CONVERSION = YES;
				CLANG_WARN_DEPRECATED_OBJC_IMPLEMENTATIONS = YES;
				CLANG_WARN_DIRECT_OBJC_ISA_USAGE = YES_ERROR;
				CLANG_WARN_DOCUMENTATION_COMMENTS = YES;
				CLANG_WARN_EMPTY_BODY = YES;
				CLANG_WARN_ENUM_CONVERSION = YES;
				CLANG_WARN_INFINITE_RECURSION = YES;
				CLANG_WARN_INT_CONVERSION = YES;
				CLANG_WARN_NON_LITERAL_NULL_CONVERSION = YES;
				CLANG_WARN_OBJC_IMPLICIT_RETAIN_SELF = YES;
				CLANG_WARN_OBJC_LITERAL_CONVERSION = YES;
				CLANG_WARN_OBJC_ROOT_CLASS = YES_ERROR;
				CLANG_WARN_RANGE_LOOP_ANALYSIS = YES;
				CLANG_WARN_STRICT_PROTOTYPES = YES;
				CLANG_WARN_SUSPICIOUS_MOVE = YES;
				CLANG_WARN_UNGUARDED_AVAILABILITY = YES_AGGRESSIVE;
				CLANG_WARN_UNREACHABLE_CODE = YES;
				CLANG_WARN__DUPLICATE_METHOD_MATCH = YES;
				COPY_PHASE_STRIP = NO;
				DEBUG_INFORMATION_FORMAT = dwarf;
				ENABLE_STRICT_OBJC_MSGSEND = YES;
				ENABLE_TESTABILITY = YES;
				GCC_C_LANGUAGE_STANDARD = gnu11;
				GCC_DYNAMIC_NO_PIC = NO;
				GCC_NO_COMMON_BLOCKS = YES;
				GCC_OPTIMIZATION_LEVEL = 0;
				GCC_PREPROCESSOR_DEFINITIONS = (
					"DEBUG=1",
					"$(inherited)",
				);
				GCC_WARN_64_TO_32_BIT_CONVERSION = YES;
				GCC_WARN_ABOUT_RETURN_TYPE = YES_ERROR;
				GCC_WARN_UNDECLARED_SELECTOR = YES;
				GCC_WARN_UNINITIALIZED_AUTOS = YES_AGGRESSIVE;
				GCC_WARN_UNUSED_FUNCTION = YES;
				GCC_WARN_UNUSED_VARIABLE = YES;
				IPHONEOS_DEPLOYMENT_TARGET = 13.4;
				MTL_ENABLE_DEBUG_INFO = INCLUDE_SOURCE;
				MTL_FAST_MATH = YES;
				ONLY_ACTIVE_ARCH = YES;
				SDKROOT = iphoneos;
				SWIFT_ACTIVE_COMPILATION_CONDITIONS = DEBUG;
				SWIFT_OPTIMIZATION_LEVEL = "-Onone";
			};
			name = Debug;
		};
		AD9E6F2124CEECA500369F43 /* Release */ = {
			isa = XCBuildConfiguration;
			buildSettings = {
				ALWAYS_SEARCH_USER_PATHS = NO;
				CLANG_ANALYZER_NONNULL = YES;
				CLANG_ANALYZER_NUMBER_OBJECT_CONVERSION = YES_AGGRESSIVE;
				CLANG_CXX_LANGUAGE_STANDARD = "gnu++14";
				CLANG_CXX_LIBRARY = "libc++";
				CLANG_ENABLE_MODULES = YES;
				CLANG_ENABLE_OBJC_ARC = YES;
				CLANG_ENABLE_OBJC_WEAK = YES;
				CLANG_WARN_BLOCK_CAPTURE_AUTORELEASING = YES;
				CLANG_WARN_BOOL_CONVERSION = YES;
				CLANG_WARN_COMMA = YES;
				CLANG_WARN_CONSTANT_CONVERSION = YES;
				CLANG_WARN_DEPRECATED_OBJC_IMPLEMENTATIONS = YES;
				CLANG_WARN_DIRECT_OBJC_ISA_USAGE = YES_ERROR;
				CLANG_WARN_DOCUMENTATION_COMMENTS = YES;
				CLANG_WARN_EMPTY_BODY = YES;
				CLANG_WARN_ENUM_CONVERSION = YES;
				CLANG_WARN_INFINITE_RECURSION = YES;
				CLANG_WARN_INT_CONVERSION = YES;
				CLANG_WARN_NON_LITERAL_NULL_CONVERSION = YES;
				CLANG_WARN_OBJC_IMPLICIT_RETAIN_SELF = YES;
				CLANG_WARN_OBJC_LITERAL_CONVERSION = YES;
				CLANG_WARN_OBJC_ROOT_CLASS = YES_ERROR;
				CLANG_WARN_RANGE_LOOP_ANALYSIS = YES;
				CLANG_WARN_STRICT_PROTOTYPES = YES;
				CLANG_WARN_SUSPICIOUS_MOVE = YES;
				CLANG_WARN_UNGUARDED_AVAILABILITY = YES_AGGRESSIVE;
				CLANG_WARN_UNREACHABLE_CODE = YES;
				CLANG_WARN__DUPLICATE_METHOD_MATCH = YES;
				COPY_PHASE_STRIP = NO;
				DEBUG_INFORMATION_FORMAT = "dwarf-with-dsym";
				ENABLE_NS_ASSERTIONS = NO;
				ENABLE_STRICT_OBJC_MSGSEND = YES;
				GCC_C_LANGUAGE_STANDARD = gnu11;
				GCC_NO_COMMON_BLOCKS = YES;
				GCC_WARN_64_TO_32_BIT_CONVERSION = YES;
				GCC_WARN_ABOUT_RETURN_TYPE = YES_ERROR;
				GCC_WARN_UNDECLARED_SELECTOR = YES;
				GCC_WARN_UNINITIALIZED_AUTOS = YES_AGGRESSIVE;
				GCC_WARN_UNUSED_FUNCTION = YES;
				GCC_WARN_UNUSED_VARIABLE = YES;
				IPHONEOS_DEPLOYMENT_TARGET = 13.4;
				MTL_ENABLE_DEBUG_INFO = NO;
				MTL_FAST_MATH = YES;
				SDKROOT = iphoneos;
				SWIFT_COMPILATION_MODE = wholemodule;
				SWIFT_OPTIMIZATION_LEVEL = "-O";
				VALIDATE_PRODUCT = YES;
			};
			name = Release;
		};
		AD9E6F2324CEECA500369F43 /* Debug */ = {
			isa = XCBuildConfiguration;
			buildSettings = {
				ASSETCATALOG_COMPILER_APPICON_NAME = AppIcon;
				CODE_SIGN_STYLE = Automatic;
				INFOPLIST_FILE = URLCacheWithQuery/Info.plist;
				LD_RUNPATH_SEARCH_PATHS = (
					"$(inherited)",
					"@executable_path/Frameworks",
				);
				PRODUCT_BUNDLE_IDENTIFIER = com.caraquri.URLCacheWithQuery;
				PRODUCT_NAME = "$(TARGET_NAME)";
				SWIFT_VERSION = 5.0;
				TARGETED_DEVICE_FAMILY = "1,2";
			};
			name = Debug;
		};
		AD9E6F2424CEECA500369F43 /* Release */ = {
			isa = XCBuildConfiguration;
			buildSettings = {
				ASSETCATALOG_COMPILER_APPICON_NAME = AppIcon;
				CODE_SIGN_STYLE = Automatic;
				INFOPLIST_FILE = URLCacheWithQuery/Info.plist;
				LD_RUNPATH_SEARCH_PATHS = (
					"$(inherited)",
					"@executable_path/Frameworks",
				);
				PRODUCT_BUNDLE_IDENTIFIER = com.caraquri.URLCacheWithQuery;
				PRODUCT_NAME = "$(TARGET_NAME)";
				SWIFT_VERSION = 5.0;
				TARGETED_DEVICE_FAMILY = "1,2";
			};
			name = Release;
		};
/* End XCBuildConfiguration section */

/* Begin XCConfigurationList section */
		AD9E6F0924CEECA200369F43 /* Build configuration list for PBXProject "URLCacheWithQuery" */ = {
			isa = XCConfigurationList;
			buildConfigurations = (
				AD9E6F2024CEECA500369F43 /* Debug */,
				AD9E6F2124CEECA500369F43 /* Release */,
			);
			defaultConfigurationIsVisible = 0;
			defaultConfigurationName = Release;
		};
		AD9E6F2224CEECA500369F43 /* Build configuration list for PBXNativeTarget "URLCacheWithQuery" */ = {
			isa = XCConfigurationList;
			buildConfigurations = (
				AD9E6F2324CEECA500369F43 /* Debug */,
				AD9E6F2424CEECA500369F43 /* Release */,
			);
			defaultConfigurationIsVisible = 0;
			defaultConfigurationName = Release;
		};
/* End XCConfigurationList section */
	};
	rootObject = AD9E6F0624CEECA200369F43 /* Project object */;
}
